
Microsoft Visual Studio Solution File, Format Version 12.00
# Visual Studio Version 17
VisualStudioVersion = 17.13.35828.75 d17.13
MinimumVisualStudioVersion = 10.0.40219.1
Project("{FAE04EC0-301F-11D3-BF4B-00C04F79EFBC}") = "cat.itb.restorestest_ManzanoMiquel", "cat.itb.restorestest_ManzanoMiquel\cat.itb.restorestest_ManzanoMiquel.csproj", "{FD380F19-BE9B-4CC4-90E1-ABA6CB9C02D5}"
EndProject
Global
	GlobalSection(SolutionConfigurationPlatforms) = preSolution
		Debug|Any CPU = Debug|Any CPU
		Release|Any CPU = Release|Any CPU
	EndGlobalSection
	GlobalSection(ProjectConfigurationPlatforms) = postSolution
		{FD380F19-BE9B-4CC4-90E1-ABA6CB9C02D5}.Debug|Any CPU.ActiveCfg = Debug|Any CPU
		{FD380F19-BE9B-4CC4-90E1-ABA6CB9C02D5}.Debug|Any CPU.Build.0 = Debug|Any CPU
		{FD380F19-BE9B-4CC4-90E1-ABA6CB9C02D5}.Release|Any CPU.ActiveCfg = Release|Any CPU
		{FD380F19-BE9B-4CC4-90E1-ABA6CB9C02D5}.Release|Any CPU.Build.0 = Release|Any CPU
	EndGlobalSection
	GlobalSection(SolutionProperties) = preSolution
		HideSolutionNode = FALSE
	EndGlobalSection
	GlobalSection(ExtensibilityGlobals) = postSolution
		SolutionGuid = {D9179E44-F93C-4ED4-B704-9E069F4E61A1}
	EndGlobalSection
EndGlobal
